
Microsoft Visual Studio Solution File, Format Version 12.00
# Visual Studio 15
Project("{FAE04EC0-301F-11D3-BF4B-00C04F79EFBC}") = "幻径", "幻径.csproj", "{969ADE1F-AA77-271E-AC95-E9D67BA239A6}"
EndProject
Project("{FAE04EC0-301F-11D3-BF4B-00C04F79EFBC}") = "幻径.Editor", "幻径.Editor.csproj", "{C7D39963-E0A5-521D-59D6-8B23610650E8}"
EndProject
Global
	GlobalSection(SolutionConfigurationPlatforms) = preSolution
		Debug|Any CPU = Debug|Any CPU
		Release|Any CPU = Release|Any CPU
	EndGlobalSection
	GlobalSection(ProjectConfigurationPlatforms) = postSolution
		{969ADE1F-AA77-271E-AC95-E9D67BA239A6}.Debug|Any CPU.ActiveCfg = Debug|Any CPU
		{969ADE1F-AA77-271E-AC95-E9D67BA239A6}.Debug|Any CPU.Build.0 = Debug|Any CPU
		{969ADE1F-AA77-271E-AC95-E9D67BA239A6}.Release|Any CPU.ActiveCfg = Release|Any CPU
		{969ADE1F-AA77-271E-AC95-E9D67BA239A6}.Release|Any CPU.Build.0 = Release|Any CPU
		{C7D39963-E0A5-521D-59D6-8B23610650E8}.Debug|Any CPU.ActiveCfg = Debug|Any CPU
		{C7D39963-E0A5-521D-59D6-8B23610650E8}.Debug|Any CPU.Build.0 = Debug|Any CPU
		{C7D39963-E0A5-521D-59D6-8B23610650E8}.Release|Any CPU.ActiveCfg = Release|Any CPU
		{C7D39963-E0A5-521D-59D6-8B23610650E8}.Release|Any CPU.Build.0 = Release|Any CPU
	EndGlobalSection
	GlobalSection(SolutionProperties) = preSolution
		HideSolutionNode = FALSE
	EndGlobalSection
EndGlobal
